
Microsoft Visual Studio Solution File, Format Version 12.00
# Visual Studio Version 17
VisualStudioVersion = 17.7.34031.279
MinimumVisualStudioVersion = 10.0.40219.1
Project("{FAE04EC0-301F-11D3-BF4B-00C04F79EFBC}") = "ClientFTP", "ClientFTP\ClientFTP.csproj", "{43CFB716-385F-499C-8581-73DB30591CCA}"
EndProject
Project("{FAE04EC0-301F-11D3-BF4B-00C04F79EFBC}") = "ServerFTP", "..\ServerFTP\ServerFTP.csproj", "{869A63C2-A5B2-44B8-82E2-E26899739925}"
EndProject
Global
	GlobalSection(SolutionConfigurationPlatforms) = preSolution
		Debug|Any CPU = Debug|Any CPU
		Release|Any CPU = Release|Any CPU
	EndGlobalSection
	GlobalSection(ProjectConfigurationPlatforms) = postSolution
		{43CFB716-385F-499C-8581-73DB30591CCA}.Debug|Any CPU.ActiveCfg = Debug|Any CPU
		{43CFB716-385F-499C-8581-73DB30591CCA}.Debug|Any CPU.Build.0 = Debug|Any CPU
		{43CFB716-385F-499C-8581-73DB30591CCA}.Release|Any CPU.ActiveCfg = Release|Any CPU
		{43CFB716-385F-499C-8581-73DB30591CCA}.Release|Any CPU.Build.0 = Release|Any CPU
		{869A63C2-A5B2-44B8-82E2-E26899739925}.Debug|Any CPU.ActiveCfg = Debug|Any CPU
		{869A63C2-A5B2-44B8-82E2-E26899739925}.Debug|Any CPU.Build.0 = Debug|Any CPU
		{869A63C2-A5B2-44B8-82E2-E26899739925}.Release|Any CPU.ActiveCfg = Release|Any CPU
		{869A63C2-A5B2-44B8-82E2-E26899739925}.Release|Any CPU.Build.0 = Release|Any CPU
	EndGlobalSection
	GlobalSection(SolutionProperties) = preSolution
		HideSolutionNode = FALSE
	EndGlobalSection
	GlobalSection(ExtensibilityGlobals) = postSolution
		SolutionGuid = {425A985D-98C5-4A3B-87CC-60CFF1725E3E}
	EndGlobalSection
EndGlobal
